
Microsoft Visual Studio Solution File, Format Version 12.00
# Visual Studio Version 17
VisualStudioVersion = 17.4.33403.182
MinimumVisualStudioVersion = 10.0.40219.1
Project("{9A19103F-16F7-4668-BE54-9A1E7A4F7556}") = "OdeToFood", "OdeToFood\OdeToFood.csproj", "{ADD40250-A286-4A37-B8B1-2CFCA701427E}"
EndProject
Project("{9A19103F-16F7-4668-BE54-9A1E7A4F7556}") = "OdeToFood.Core", "OdeToFood.Core\OdeToFood.Core.csproj", "{1189E974-3170-4D62-97BF-EE695ADC4266}"
EndProject
Project("{9A19103F-16F7-4668-BE54-9A1E7A4F7556}") = "OdeTooFood.Data", "OdeToFood.Data\OdeTooFood.Data.csproj", "{5DD5C90A-0FDD-4ABA-8900-FEFB13359173}"
EndProject
Global
	GlobalSection(SolutionConfigurationPlatforms) = preSolution
		Debug|Any CPU = Debug|Any CPU
		Release|Any CPU = Release|Any CPU
	EndGlobalSection
	GlobalSection(ProjectConfigurationPlatforms) = postSolution
		{ADD40250-A286-4A37-B8B1-2CFCA701427E}.Debug|Any CPU.ActiveCfg = Debug|Any CPU
		{ADD40250-A286-4A37-B8B1-2CFCA701427E}.Debug|Any CPU.Build.0 = Debug|Any CPU
		{ADD40250-A286-4A37-B8B1-2CFCA701427E}.Release|Any CPU.ActiveCfg = Release|Any CPU
		{ADD40250-A286-4A37-B8B1-2CFCA701427E}.Release|Any CPU.Build.0 = Release|Any CPU
		{1189E974-3170-4D62-97BF-EE695ADC4266}.Debug|Any CPU.ActiveCfg = Debug|Any CPU
		{1189E974-3170-4D62-97BF-EE695ADC4266}.Debug|Any CPU.Build.0 = Debug|Any CPU
		{1189E974-3170-4D62-97BF-EE695ADC4266}.Release|Any CPU.ActiveCfg = Release|Any CPU
		{1189E974-3170-4D62-97BF-EE695ADC4266}.Release|Any CPU.Build.0 = Release|Any CPU
		{5DD5C90A-0FDD-4ABA-8900-FEFB13359173}.Debug|Any CPU.ActiveCfg = Debug|Any CPU
		{5DD5C90A-0FDD-4ABA-8900-FEFB13359173}.Debug|Any CPU.Build.0 = Debug|Any CPU
		{5DD5C90A-0FDD-4ABA-8900-FEFB13359173}.Release|Any CPU.ActiveCfg = Release|Any CPU
		{5DD5C90A-0FDD-4ABA-8900-FEFB13359173}.Release|Any CPU.Build.0 = Release|Any CPU
	EndGlobalSection
	GlobalSection(SolutionProperties) = preSolution
		HideSolutionNode = FALSE
	EndGlobalSection
	GlobalSection(ExtensibilityGlobals) = postSolution
		SolutionGuid = {43CF2443-EA11-4EAB-823C-FB482A14D032}
	EndGlobalSection
EndGlobal
